<?xml version="1.0" encoding="utf-8"?>
<Project ToolsVersion="4.0" xmlns="http://schemas.microsoft.com/developer/msbuild/2003">
  <ItemGroup>
    <Filter Include="Source Files">
      <UniqueIdentifier>{4FC737F1-C7A5-4376-A066-2A32D752A2FF}</UniqueIdentifier>
      <Extensions>cpp;c;cc;cxx;c++;def;odl;idl;hpj;bat;asm;asmx</Extensions>
    </Filter>
    <Filter Include="Header Files">
      <UniqueIdentifier>{93995380-89BD-4b04-88EB-625FBE52EBFB}</UniqueIdentifier>
      <Extensions>h;hh;hpp;hxx;h++;hm;inl;inc;ipp;xsd</Extensions>
    </Filter>
    <Filter Include="Resource Files">
      <UniqueIdentifier>{67DA6AB6-F800-4c08-8B7A-83BB121AAD01}</UniqueIdentifier>
      <Extensions>rc;ico;cur;bmp;dlg;rc2;rct;bin;rgs;gif;jpg;jpeg;jpe;resx;tiff;tif;png;wav;mfcribbon-ms</Extensions>
    </Filter>
    <Filter Include="Source Files\util">
      <UniqueIdentifier>{1501dc3a-8c7c-4aa4-acd2-f8090b84ea3d}</UniqueIdentifier>
    </Filter>
    <Filter Include="libraries">
      <UniqueIdentifier>{98e42e65-efe9-4405-8e51-4bce1e24edb3}</UniqueIdentifier>
    </Filter>
  </ItemGroup>
  <ItemGroup>
    <ClCompile Include="src\configraw.cpp">
      <Filter>Source Files</Filter>
    </ClCompile>
    <ClCompile Include="src\main.cpp">
      <Filter>Source Files</Filter>
    </ClCompile>
    <ClCompile Include="src\mvr.cpp">
      <Filter>Source Files</Filter>
    </ClCompile>
    <ClCompile Include="src\util\geometry.cpp">
      <Filter>Source Files\util</Filter>
    </ClCompile>
    <ClCompile Include="src\util\texture.cpp">
      <Filter>Source Files\util</Filter>
    </ClCompile>
    <ClCompile Include="src\util\transferfunc.cpp">
      <Filter>Source Files\util</Filter>
    </ClCompile>
    <ClCompile Include="src\util\util.cpp">
      <Filter>Source Files\util</Filter>
    </ClCompile>
    <ClCompile Include="libs\gl3w\GL\gl3w.c">
      <Filter>libraries</Filter>
    </ClCompile>
    <ClCompile Include="libs\imgui\imgui.cpp">
      <Filter>libraries</Filter>
    </ClCompile>
    <ClCompile Include="libs\imgui\imgui_demo.cpp">
      <Filter>libraries</Filter>
    </ClCompile>
    <ClCompile Include="libs\imgui\imgui_draw.cpp">
      <Filter>libraries</Filter>
    </ClCompile>
    <ClCompile Include="libs\imgui\imgui_impl_glfw.cpp">
      <Filter>libraries</Filter>
    </ClCompile>
    <ClCompile Include="libs\imgui\imgui_impl_opengl3.cpp">
      <Filter>libraries</Filter>
    </ClCompile>
    <ClCompile Include="libs\imgui\imgui_stdlib.cpp">
      <Filter>libraries</Filter>
    </ClCompile>
    <ClCompile Include="libs\imgui\imgui_widgets.cpp">
      <Filter>libraries</Filter>
    </ClCompile>
  </ItemGroup>
  <ItemGroup>
    <ClInclude Include="src\configraw.hpp">
      <Filter>Source Files</Filter>
    </ClInclude>
    <ClInclude Include="src\mvr.hpp">
      <Filter>Source Files</Filter>
    </ClInclude>
    <ClInclude Include="src\shader.hpp">
      <Filter>Source Files</Filter>
    </ClInclude>
    <ClInclude Include="src\util\geometry.hpp">
      <Filter>Source Files\util</Filter>
    </ClInclude>
    <ClInclude Include="src\util\texture.hpp">
      <Filter>Source Files\util</Filter>
    </ClInclude>
    <ClInclude Include="src\util\transferfunc.hpp">
      <Filter>Source Files\util</Filter>
    </ClInclude>
    <ClInclude Include="src\util\util.hpp">
      <Filter>Source Files\util</Filter>
    </ClInclude>
    <ClInclude Include="libs\gl3w\GL\gl3w.h">
      <Filter>libraries</Filter>
    </ClInclude>
    <ClInclude Include="libs\gl3w\GL\glcorearb.h">
      <Filter>libraries</Filter>
    </ClInclude>
    <ClInclude Include="libs\gl3w\KHR\khrplatform.h">
      <Filter>libraries</Filter>
    </ClInclude>
    <ClInclude Include="libs\imgui\imconfig.h">
      <Filter>libraries</Filter>
    </ClInclude>
    <ClInclude Include="libs\imgui\imgui.h">
      <Filter>libraries</Filter>
    </ClInclude>
    <ClInclude Include="libs\imgui\imgui_impl_glfw.h">
      <Filter>libraries</Filter>
    </ClInclude>
    <ClInclude Include="libs\imgui\imgui_impl_opengl3.h">
      <Filter>libraries</Filter>
    </ClInclude>
    <ClInclude Include="libs\imgui\imgui_internal.h">
      <Filter>libraries</Filter>
    </ClInclude>
    <ClInclude Include="libs\imgui\imgui_stdlib.h">
      <Filter>libraries</Filter>
    </ClInclude>
    <ClInclude Include="libs\imgui\imstb_rectpack.h">
      <Filter>libraries</Filter>
    </ClInclude>
    <ClInclude Include="libs\imgui\imstb_textedit.h">
      <Filter>libraries</Filter>
    </ClInclude>
    <ClInclude Include="libs\imgui\imstb_truetype.h">
      <Filter>libraries</Filter>
    </ClInclude>
    <ClInclude Include="libs\nlohmann\json.hpp">
      <Filter>libraries</Filter>
    </ClInclude>
  </ItemGroup>
  <ItemGroup>
    <None Include="src\shader\frame.frag">
      <Filter>Resource Files</Filter>
    </None>
    <None Include="src\shader\frame.vert">
      <Filter>Resource Files</Filter>
    </None>
    <None Include="src\shader\quad.frag">
      <Filter>Resource Files</Filter>
    </None>
    <None Include="src\shader\quad.vert">
      <Filter>Resource Files</Filter>
    </None>
    <None Include="src\shader\tfColor.frag">
      <Filter>Resource Files</Filter>
    </None>
    <None Include="src\shader\tfColor.vert">
      <Filter>Resource Files</Filter>
    </None>
    <None Include="src\shader\tfFunc.frag">
      <Filter>Resource Files</Filter>
    </None>
    <None Include="src\shader\tfFunc.vert">
      <Filter>Resource Files</Filter>
    </None>
    <None Include="src\shader\tfPoint.frag">
      <Filter>Resource Files</Filter>
    </None>
    <None Include="src\shader\tfPoint.vert">
      <Filter>Resource Files</Filter>
    </None>
    <None Include="src\shader\volume.frag">
      <Filter>Resource Files</Filter>
    </None>
    <None Include="src\shader\volume.vert">
      <Filter>Resource Files</Filter>
    </None>
    <None Include="packages.config" />
  </ItemGroup>
</Project>